
Microsoft Visual Studio Solution File, Format Version 12.00
# Visual Studio Version 17
VisualStudioVersion = 17.0.31919.166
MinimumVisualStudioVersion = 10.0.40219.1
Project("{FAE04EC0-301F-11D3-BF4B-00C04F79EFBC}") = "FirstTrass", "FirstTrass\FirstTrass.csproj", "{B085C30C-6CC7-442E-92B1-1AC166B2A305}"
EndProject
Global
	GlobalSection(SolutionConfigurationPlatforms) = preSolution
		Debug|Any CPU = Debug|Any CPU
		Release|Any CPU = Release|Any CPU
	EndGlobalSection
	GlobalSection(ProjectConfigurationPlatforms) = postSolution
		{B085C30C-6CC7-442E-92B1-1AC166B2A305}.Debug|Any CPU.ActiveCfg = Debug|Any CPU
		{B085C30C-6CC7-442E-92B1-1AC166B2A305}.Debug|Any CPU.Build.0 = Debug|Any CPU
		{B085C30C-6CC7-442E-92B1-1AC166B2A305}.Release|Any CPU.ActiveCfg = Release|Any CPU
		{B085C30C-6CC7-442E-92B1-1AC166B2A305}.Release|Any CPU.Build.0 = Release|Any CPU
	EndGlobalSection
	GlobalSection(SolutionProperties) = preSolution
		HideSolutionNode = FALSE
	EndGlobalSection
	GlobalSection(ExtensibilityGlobals) = postSolution
		SolutionGuid = {46278AC4-2C17-4968-8E24-7A5426CA6EF6}
	EndGlobalSection
EndGlobal
